Microsoft Visual Studio Solution File, Format Version 12.00
# Visual Studio Version 17
VisualStudioVersion = 17.5.2.0
MinimumVisualStudioVersion = 10.0.40219.1
Project("{9A19103F-16F7-4668-BE54-9A1E7A4F7556}") = "SettleUp.Observability", "shared\SettleUp.Observability\SettleUp.Observability.csproj", "{83B90191-157C-409E-A7A6-B6B7349F7019}"
EndProject
Project("{9A19103F-16F7-4668-BE54-9A1E7A4F7556}") = "DiscordApi", "services\discord-api\src\DiscordApi.csproj", "{3F8A7FE6-8A3C-D084-A7D1-6800713C0AF3}"
	ProjectSection(ProjectDependencies) = postProject
		{83B90191-157C-409E-A7A6-B6B7349F7019} = {83B90191-157C-409E-A7A6-B6B7349F7019}
	EndProjectSection
EndProject
Project("{9A19103F-16F7-4668-BE54-9A1E7A4F7556}") = "receipt-parser", "services\receipt-parser\receipt-parser.csproj", "{8DD41F86-82D5-4B0B-B8C3-C33F3D2BD587}"
	ProjectSection(ProjectDependencies) = postProject
		{83B90191-157C-409E-A7A6-B6B7349F7019} = {83B90191-157C-409E-A7A6-B6B7349F7019}
	EndProjectSection
EndProject
Global
	GlobalSection(SolutionConfigurationPlatforms) = preSolution
		Debug|Any CPU = Debug|Any CPU
		Release|Any CPU = Release|Any CPU
	EndGlobalSection
	GlobalSection(ProjectConfigurationPlatforms) = postSolution
		{83B90191-157C-409E-A7A6-B6B7349F7019}.Debug|Any CPU.ActiveCfg = Debug|Any CPU
		{83B90191-157C-409E-A7A6-B6B7349F7019}.Debug|Any CPU.Build.0 = Debug|Any CPU
		{83B90191-157C-409E-A7A6-B6B7349F7019}.Release|Any CPU.ActiveCfg = Release|Any CPU
		{83B90191-157C-409E-A7A6-B6B7349F7019}.Release|Any CPU.Build.0 = Release|Any CPU
		{3F8A7FE6-8A3C-D084-A7D1-6800713C0AF3}.Debug|Any CPU.ActiveCfg = Debug|Any CPU
		{3F8A7FE6-8A3C-D084-A7D1-6800713C0AF3}.Debug|Any CPU.Build.0 = Debug|Any CPU
		{3F8A7FE6-8A3C-D084-A7D1-6800713C0AF3}.Release|Any CPU.ActiveCfg = Release|Any CPU
		{3F8A7FE6-8A3C-D084-A7D1-6800713C0AF3}.Release|Any CPU.Build.0 = Release|Any CPU
		{8DD41F86-82D5-4B0B-B8C3-C33F3D2BD587}.Debug|Any CPU.ActiveCfg = Debug|Any CPU
		{8DD41F86-82D5-4B0B-B8C3-C33F3D2BD587}.Debug|Any CPU.Build.0 = Debug|Any CPU
		{8DD41F86-82D5-4B0B-B8C3-C33F3D2BD587}.Release|Any CPU.ActiveCfg = Release|Any CPU
		{8DD41F86-82D5-4B0B-B8C3-C33F3D2BD587}.Release|Any CPU.Build.0 = Release|Any CPU
	EndGlobalSection
	GlobalSection(SolutionProperties) = preSolution
		HideSolutionNode = FALSE
	EndGlobalSection
	GlobalSection(ExtensibilityGlobals) = postSolution
		SolutionGuid = {5C63754F-27E2-428D-95B8-612757046E2E}
	EndGlobalSection
EndGlobal
